
Microsoft Visual Studio Solution File, Format Version 11.00
# Visual Studio 2010
Project("{8BC9CEB8-8B4A-11D0-8D11-00A0C91BC942}") = "vme", "vme\vme.vcxproj", "{A120F370-63B0-4610-B571-1E262F6ED8AF}"
EndProject
Global
	GlobalSection(SolutionConfigurationPlatforms) = preSolution
		Debug|Win32 = Debug|Win32
		Release|Win32 = Release|Win32
	EndGlobalSection
	GlobalSection(ProjectConfigurationPlatforms) = postSolution
		{A120F370-63B0-4610-B571-1E262F6ED8AF}.Debug|Win32.ActiveCfg = Debug|Win32
		{A120F370-63B0-4610-B571-1E262F6ED8AF}.Debug|Win32.Build.0 = Debug|Win32
		{A120F370-63B0-4610-B571-1E262F6ED8AF}.Release|Win32.ActiveCfg = Release|Win32
		{A120F370-63B0-4610-B571-1E262F6ED8AF}.Release|Win32.Build.0 = Release|Win32
	EndGlobalSection
	GlobalSection(SolutionProperties) = preSolution
		HideSolutionNode = FALSE
	EndGlobalSection
EndGlobal
